
Microsoft Visual Studio Solution File, Format Version 12.00
# Visual Studio 15
VisualStudioVersion = 15.0.28307.489
MinimumVisualStudioVersion = 10.0.40219.1
Project("{FAE04EC0-301F-11D3-BF4B-00C04F79EFBC}") = "ConsoleApp", "ConsoleApp\ConsoleApp.csproj", "{515F0E00-9B07-4246-99E0-0FD77A5B4AFB}"
EndProject
Global
	GlobalSection(SolutionConfigurationPlatforms) = preSolution
		Debug|Any CPU = Debug|Any CPU
		Release|Any CPU = Release|Any CPU
	EndGlobalSection
	GlobalSection(ProjectConfigurationPlatforms) = postSolution
		{515F0E00-9B07-4246-99E0-0FD77A5B4AFB}.Debug|Any CPU.ActiveCfg = Debug|Any CPU
		{515F0E00-9B07-4246-99E0-0FD77A5B4AFB}.Debug|Any CPU.Build.0 = Debug|Any CPU
		{515F0E00-9B07-4246-99E0-0FD77A5B4AFB}.Release|Any CPU.ActiveCfg = Release|Any CPU
		{515F0E00-9B07-4246-99E0-0FD77A5B4AFB}.Release|Any CPU.Build.0 = Release|Any CPU
	EndGlobalSection
	GlobalSection(SolutionProperties) = preSolution
		HideSolutionNode = FALSE
	EndGlobalSection
	GlobalSection(ExtensibilityGlobals) = postSolution
		SolutionGuid = {1888D0DE-05A8-4638-BBF0-7CC3BB5D5097}
	EndGlobalSection
EndGlobal
