
Microsoft Visual Studio Solution File, Format Version 12.00
# Visual Studio 15
VisualStudioVersion = 15.0.28307.489
MinimumVisualStudioVersion = 10.0.40219.1
Project("{2150E333-8FDC-42A3-9474-1A3956D46DE8}") = "src", "src", "{6D22365C-7A90-44E0-8D62-C5A21676DF80}"
EndProject
Project("{9A19103F-16F7-4668-BE54-9A1E7A4F7556}") = "DotNetCoreIdentity.Web", "src\DotNetCoreIdentity.Web\DotNetCoreIdentity.Web.csproj", "{456A3F47-002E-44E4-831F-35F4DE2B1BE7}"
EndProject
Project("{9A19103F-16F7-4668-BE54-9A1E7A4F7556}") = "DotNetCoreIdentity.Domain", "src\DotNetCoreIdentity.Domain\DotNetCoreIdentity.Domain.csproj", "{700F2414-13C5-4C89-8009-9D7BA680F3D4}"
EndProject
Project("{9A19103F-16F7-4668-BE54-9A1E7A4F7556}") = "DotNetCoreIdentity.EF", "src\DotNetCoreIdentity.EF\DotNetCoreIdentity.EF.csproj", "{583D5319-76CB-4777-AC7E-0EFDC0C2FCDA}"
EndProject
Project("{9A19103F-16F7-4668-BE54-9A1E7A4F7556}") = "DotNetCoreIdentity.Application", "src\DotNetCoreIdentity.Application\DotNetCoreIdentity.Application.csproj", "{CBF54F17-426F-496B-97EF-7F075DEFAF79}"
EndProject
Project("{2150E333-8FDC-42A3-9474-1A3956D46DE8}") = "test", "test", "{AF6D84E7-D4ED-4317-9518-84724BAB156E}"
EndProject
Project("{9A19103F-16F7-4668-BE54-9A1E7A4F7556}") = "DotNetCoreIdentity.Test", "test\DotNetCoreIdentity.Test\DotNetCoreIdentity.Test.csproj", "{139B1907-6BC6-40F2-8586-294A5C7D5C49}"
EndProject
Project("{FAE04EC0-301F-11D3-BF4B-00C04F79EFBC}") = "DotNetCoreIdentity.Web.Api", "src\DotNetCoreIdentity.Web.Api\DotNetCoreIdentity.Web.Api.csproj", "{EB9B05C6-EFD7-488C-9912-DA41B8B88979}"
EndProject
Global
	GlobalSection(SolutionConfigurationPlatforms) = preSolution
		Debug|Any CPU = Debug|Any CPU
		Release|Any CPU = Release|Any CPU
	EndGlobalSection
	GlobalSection(ProjectConfigurationPlatforms) = postSolution
		{456A3F47-002E-44E4-831F-35F4DE2B1BE7}.Debug|Any CPU.ActiveCfg = Debug|Any CPU
		{456A3F47-002E-44E4-831F-35F4DE2B1BE7}.Debug|Any CPU.Build.0 = Debug|Any CPU
		{456A3F47-002E-44E4-831F-35F4DE2B1BE7}.Release|Any CPU.ActiveCfg = Release|Any CPU
		{456A3F47-002E-44E4-831F-35F4DE2B1BE7}.Release|Any CPU.Build.0 = Release|Any CPU
		{700F2414-13C5-4C89-8009-9D7BA680F3D4}.Debug|Any CPU.ActiveCfg = Debug|Any CPU
		{700F2414-13C5-4C89-8009-9D7BA680F3D4}.Debug|Any CPU.Build.0 = Debug|Any CPU
		{700F2414-13C5-4C89-8009-9D7BA680F3D4}.Release|Any CPU.ActiveCfg = Release|Any CPU
		{700F2414-13C5-4C89-8009-9D7BA680F3D4}.Release|Any CPU.Build.0 = Release|Any CPU
		{583D5319-76CB-4777-AC7E-0EFDC0C2FCDA}.Debug|Any CPU.ActiveCfg = Debug|Any CPU
		{583D5319-76CB-4777-AC7E-0EFDC0C2FCDA}.Debug|Any CPU.Build.0 = Debug|Any CPU
		{583D5319-76CB-4777-AC7E-0EFDC0C2FCDA}.Release|Any CPU.ActiveCfg = Release|Any CPU
		{583D5319-76CB-4777-AC7E-0EFDC0C2FCDA}.Release|Any CPU.Build.0 = Release|Any CPU
		{CBF54F17-426F-496B-97EF-7F075DEFAF79}.Debug|Any CPU.ActiveCfg = Debug|Any CPU
		{CBF54F17-426F-496B-97EF-7F075DEFAF79}.Debug|Any CPU.Build.0 = Debug|Any CPU
		{CBF54F17-426F-496B-97EF-7F075DEFAF79}.Release|Any CPU.ActiveCfg = Release|Any CPU
		{CBF54F17-426F-496B-97EF-7F075DEFAF79}.Release|Any CPU.Build.0 = Release|Any CPU
		{139B1907-6BC6-40F2-8586-294A5C7D5C49}.Debug|Any CPU.ActiveCfg = Debug|Any CPU
		{139B1907-6BC6-40F2-8586-294A5C7D5C49}.Debug|Any CPU.Build.0 = Debug|Any CPU
		{139B1907-6BC6-40F2-8586-294A5C7D5C49}.Release|Any CPU.ActiveCfg = Release|Any CPU
		{139B1907-6BC6-40F2-8586-294A5C7D5C49}.Release|Any CPU.Build.0 = Release|Any CPU
		{EB9B05C6-EFD7-488C-9912-DA41B8B88979}.Debug|Any CPU.ActiveCfg = Debug|Any CPU
		{EB9B05C6-EFD7-488C-9912-DA41B8B88979}.Debug|Any CPU.Build.0 = Debug|Any CPU
		{EB9B05C6-EFD7-488C-9912-DA41B8B88979}.Release|Any CPU.ActiveCfg = Release|Any CPU
		{EB9B05C6-EFD7-488C-9912-DA41B8B88979}.Release|Any CPU.Build.0 = Release|Any CPU
	EndGlobalSection
	GlobalSection(SolutionProperties) = preSolution
		HideSolutionNode = FALSE
	EndGlobalSection
	GlobalSection(NestedProjects) = preSolution
		{456A3F47-002E-44E4-831F-35F4DE2B1BE7} = {6D22365C-7A90-44E0-8D62-C5A21676DF80}
		{700F2414-13C5-4C89-8009-9D7BA680F3D4} = {6D22365C-7A90-44E0-8D62-C5A21676DF80}
		{583D5319-76CB-4777-AC7E-0EFDC0C2FCDA} = {6D22365C-7A90-44E0-8D62-C5A21676DF80}
		{CBF54F17-426F-496B-97EF-7F075DEFAF79} = {6D22365C-7A90-44E0-8D62-C5A21676DF80}
		{139B1907-6BC6-40F2-8586-294A5C7D5C49} = {AF6D84E7-D4ED-4317-9518-84724BAB156E}
		{EB9B05C6-EFD7-488C-9912-DA41B8B88979} = {6D22365C-7A90-44E0-8D62-C5A21676DF80}
	EndGlobalSection
	GlobalSection(ExtensibilityGlobals) = postSolution
		SolutionGuid = {A890CD05-A7D5-4A6E-BF2F-B64893CC1108}
	EndGlobalSection
EndGlobal
