{
  "name": "dotnetcoreidentity.web",
  "version": "1.0.0",
  "lockfileVersion": 1,
  "requires": true,
  "dependencies": {
    "froala-editor": {
      "version": "3.0.6",
      "resolved": "https://registry.npmjs.org/froala-editor/-/froala-editor-3.0.6.tgz",
      "integrity": "sha512-AU12qDl4t41n/s7awRp3tFE5dWytxwwH4od/JmhhwAEzORyH5OVaKB8Y+oLQQwRNgCTnvSscy9yA518utFx8YA=="
    }
  }
}
