
Microsoft Visual Studio Solution File, Format Version 12.00
# Visual Studio 15
VisualStudioVersion = 15.0.28307.489
MinimumVisualStudioVersion = 10.0.40219.1
Project("{FAE04EC0-301F-11D3-BF4B-00C04F79EFBC}") = "StartMVC", "StartMVC\StartMVC.csproj", "{77D69DC5-FFB7-4AAD-8D28-52514BFE4589}"
EndProject
Global
	GlobalSection(SolutionConfigurationPlatforms) = preSolution
		Debug|Any CPU = Debug|Any CPU
		Release|Any CPU = Release|Any CPU
	EndGlobalSection
	GlobalSection(ProjectConfigurationPlatforms) = postSolution
		{77D69DC5-FFB7-4AAD-8D28-52514BFE4589}.Debug|Any CPU.ActiveCfg = Debug|Any CPU
		{77D69DC5-FFB7-4AAD-8D28-52514BFE4589}.Debug|Any CPU.Build.0 = Debug|Any CPU
		{77D69DC5-FFB7-4AAD-8D28-52514BFE4589}.Release|Any CPU.ActiveCfg = Release|Any CPU
		{77D69DC5-FFB7-4AAD-8D28-52514BFE4589}.Release|Any CPU.Build.0 = Release|Any CPU
	EndGlobalSection
	GlobalSection(SolutionProperties) = preSolution
		HideSolutionNode = FALSE
	EndGlobalSection
	GlobalSection(ExtensibilityGlobals) = postSolution
		SolutionGuid = {D8DAFC43-4643-4D7B-96B9-F67CD65E0A68}
	EndGlobalSection
EndGlobal
